# This file is automatically @generated by Cargo.
# It is not intended for manual editing.
version = 3

[[package]]
name = "conclave-room"
version = "0.0.1"
source = "registry+https://github.com/rust-lang/crates.io-index"
checksum = "2f200600e7d0210ab6f41b65fe002b37b14e2b6d91f1f4622c2f8b09fc5938fd"

[[package]]
name = "conclave-server-lib"
version = "0.0.1"
dependencies = [
 "conclave-room",
]
